
Microsoft Visual Studio Solution File, Format Version 12.00
# Visual Studio Version 16
VisualStudioVersion = 16.0.32802.440
MinimumVisualStudioVersion = 10.0.40219.1
Project("{FAE04EC0-301F-11D3-BF4B-00C04F79EFBC}") = "RS Basic App GitHub", "RS Basic App GitHub\RS Basic App GitHub.csproj", "{4F342A10-99B4-4B3D-843D-8074806CAF41}"
EndProject
Project("{FAE04EC0-301F-11D3-BF4B-00C04F79EFBC}") = "BasicAppTest", "BasicAppTest\BasicAppTest.csproj", "{6BE3096F-5429-44BF-BDC4-029B69B24969}"
EndProject
Global
	GlobalSection(SolutionConfigurationPlatforms) = preSolution
		Debug|Any CPU = Debug|Any CPU
		Release|Any CPU = Release|Any CPU
	EndGlobalSection
	GlobalSection(ProjectConfigurationPlatforms) = postSolution
		{4F342A10-99B4-4B3D-843D-8074806CAF41}.Debug|Any CPU.ActiveCfg = Debug|Any CPU
		{4F342A10-99B4-4B3D-843D-8074806CAF41}.Debug|Any CPU.Build.0 = Debug|Any CPU
		{4F342A10-99B4-4B3D-843D-8074806CAF41}.Release|Any CPU.ActiveCfg = Release|Any CPU
		{4F342A10-99B4-4B3D-843D-8074806CAF41}.Release|Any CPU.Build.0 = Release|Any CPU
		{6BE3096F-5429-44BF-BDC4-029B69B24969}.Debug|Any CPU.ActiveCfg = Debug|Any CPU
		{6BE3096F-5429-44BF-BDC4-029B69B24969}.Debug|Any CPU.Build.0 = Debug|Any CPU
		{6BE3096F-5429-44BF-BDC4-029B69B24969}.Release|Any CPU.ActiveCfg = Release|Any CPU
		{6BE3096F-5429-44BF-BDC4-029B69B24969}.Release|Any CPU.Build.0 = Release|Any CPU
	EndGlobalSection
	GlobalSection(SolutionProperties) = preSolution
		HideSolutionNode = FALSE
	EndGlobalSection
	GlobalSection(ExtensibilityGlobals) = postSolution
		SolutionGuid = {75CB5171-BD5A-4C22-AA3E-624226E97914}
	EndGlobalSection
EndGlobal
